{
  "name": "createp",
  "version": "1.0.0",
  "lockfileVersion": 3,
  "requires": true,
  "packages": {
    "": {
      "name": "createp",
      "version": "1.0.0",
      "license": "ISC",
      "dependencies": {
        "ad-bs-converter": "^0.5.0",
        "dotenv": "^16.0.3"
      }
    },
    "node_modules/ad-bs-converter": {
      "version": "0.5.0",
      "resolved": "https://registry.npmjs.org/ad-bs-converter/-/ad-bs-converter-0.5.0.tgz",
      "integrity": "sha512-11/xlitF4r2cOI8MZKpGcZkl11VrSPAz9nJ5ufDEFU5n066k/vDhxGwujBsYfL6wzxCxAqpb6635keiEKhdROA==",
      "dependencies": {
        "get-nepali-number": "^0.1.0",
        "get-nepday-of-week": "^0.1.4"
      }
    },
    "node_modules/dotenv": {
      "version": "16.0.3",
      "resolved": "https://registry.npmjs.org/dotenv/-/dotenv-16.0.3.tgz",
      "integrity": "sha512-7GO6HghkA5fYG9TYnNxi14/7K9f5occMlp3zXAuSxn7CKCxt9xbNWG7yF8hTCSUchlfWSe3uLmlPfigevRItzQ==",
      "engines": {
        "node": ">=12"
      }
    },
    "node_modules/get-nepali-number": {
      "version": "0.1.0",
      "resolved": "https://registry.npmjs.org/get-nepali-number/-/get-nepali-number-0.1.0.tgz",
      "integrity": "sha512-PS/B9nb48WhPe7UeCOVSxofoLNVEc8WS6LMNsyhO+MM+u9Pj1Oo/mZ8Q2CwElQ+6SpoZ+6xe1BL2Vi1n9a817g==",
      "engines": {
        "node": ">=0.10.0"
      }
    },
    "node_modules/get-nepday-of-week": {
      "version": "0.1.4",
      "resolved": "https://registry.npmjs.org/get-nepday-of-week/-/get-nepday-of-week-0.1.4.tgz",
      "integrity": "sha512-eULFDJfKW3otnevaoTOI5LnboUh/RuEjXwmYQYxKTlqRwEje5Tgv/6zzjkmWlsotkr7Y7BxtwJSXtgz2yqtE8g==",
      "engines": {
        "node": ">=0.10.0"
      }
    }
  }
}
